
Microsoft Visual Studio Solution File, Format Version 12.00
# Visual Studio Version 17
VisualStudioVersion = 17.0.31903.59
MinimumVisualStudioVersion = 10.0.40219.1
Project("{2150E333-8FDC-42A3-9474-1A3956D46DE8}") = "src", "src", "{DA873388-5DB1-4FFC-A0D1-E1EB1B253EE7}"
EndProject
Project("{FAE04EC0-301F-11D3-BF4B-00C04F79EFBC}") = "Qwertide.Client", "src\Qwertide.Client\Qwertide.Client.csproj", "{161ECCE8-211A-453D-A8F9-6041EA21E9BC}"
EndProject
Project("{FAE04EC0-301F-11D3-BF4B-00C04F79EFBC}") = "Qwertide.Tests", "src\Qwertide.Tests\Qwertide.Tests.csproj", "{53921AF3-17B8-4895-A143-30237358DCCC}"
EndProject
Project("{FAE04EC0-301F-11D3-BF4B-00C04F79EFBC}") = "Qwertide.Api", "src\Qwertide.Api\Qwertide.Api.csproj", "{E1F28D5A-5480-427B-B858-71D77F0CDAA8}"
EndProject
Global
	GlobalSection(SolutionConfigurationPlatforms) = preSolution
		Debug|Any CPU = Debug|Any CPU
		Release|Any CPU = Release|Any CPU
	EndGlobalSection
	GlobalSection(SolutionProperties) = preSolution
		HideSolutionNode = FALSE
	EndGlobalSection
	GlobalSection(ProjectConfigurationPlatforms) = postSolution
		{161ECCE8-211A-453D-A8F9-6041EA21E9BC}.Debug|Any CPU.ActiveCfg = Debug|Any CPU
		{161ECCE8-211A-453D-A8F9-6041EA21E9BC}.Debug|Any CPU.Build.0 = Debug|Any CPU
		{161ECCE8-211A-453D-A8F9-6041EA21E9BC}.Release|Any CPU.ActiveCfg = Release|Any CPU
		{161ECCE8-211A-453D-A8F9-6041EA21E9BC}.Release|Any CPU.Build.0 = Release|Any CPU
		{53921AF3-17B8-4895-A143-30237358DCCC}.Debug|Any CPU.ActiveCfg = Debug|Any CPU
		{53921AF3-17B8-4895-A143-30237358DCCC}.Debug|Any CPU.Build.0 = Debug|Any CPU
		{53921AF3-17B8-4895-A143-30237358DCCC}.Release|Any CPU.ActiveCfg = Release|Any CPU
		{53921AF3-17B8-4895-A143-30237358DCCC}.Release|Any CPU.Build.0 = Release|Any CPU
		{E1F28D5A-5480-427B-B858-71D77F0CDAA8}.Debug|Any CPU.ActiveCfg = Debug|Any CPU
		{E1F28D5A-5480-427B-B858-71D77F0CDAA8}.Debug|Any CPU.Build.0 = Debug|Any CPU
		{E1F28D5A-5480-427B-B858-71D77F0CDAA8}.Release|Any CPU.ActiveCfg = Release|Any CPU
		{E1F28D5A-5480-427B-B858-71D77F0CDAA8}.Release|Any CPU.Build.0 = Release|Any CPU
	EndGlobalSection
	GlobalSection(NestedProjects) = preSolution
		{161ECCE8-211A-453D-A8F9-6041EA21E9BC} = {DA873388-5DB1-4FFC-A0D1-E1EB1B253EE7}
		{53921AF3-17B8-4895-A143-30237358DCCC} = {DA873388-5DB1-4FFC-A0D1-E1EB1B253EE7}
		{E1F28D5A-5480-427B-B858-71D77F0CDAA8} = {DA873388-5DB1-4FFC-A0D1-E1EB1B253EE7}
	EndGlobalSection
EndGlobal
